
Microsoft Visual Studio Solution File, Format Version 12.00
# Visual Studio Version 16
VisualStudioVersion = 16.0.31702.278
MinimumVisualStudioVersion = 10.0.40219.1
Project("{FAE04EC0-301F-11D3-BF4B-00C04F79EFBC}") = "ImageCutterLib", "ImageCutterLib\ImageCutterLib.csproj", "{2DED7456-2048-4766-94BF-CFD5B50BB5DB}"
EndProject
Global
	GlobalSection(SolutionConfigurationPlatforms) = preSolution
		Debug|Any CPU = Debug|Any CPU
		Release|Any CPU = Release|Any CPU
	EndGlobalSection
	GlobalSection(ProjectConfigurationPlatforms) = postSolution
		{2DED7456-2048-4766-94BF-CFD5B50BB5DB}.Debug|Any CPU.ActiveCfg = Debug|Any CPU
		{2DED7456-2048-4766-94BF-CFD5B50BB5DB}.Debug|Any CPU.Build.0 = Debug|Any CPU
		{2DED7456-2048-4766-94BF-CFD5B50BB5DB}.Release|Any CPU.ActiveCfg = Release|Any CPU
		{2DED7456-2048-4766-94BF-CFD5B50BB5DB}.Release|Any CPU.Build.0 = Release|Any CPU
	EndGlobalSection
	GlobalSection(SolutionProperties) = preSolution
		HideSolutionNode = FALSE
	EndGlobalSection
	GlobalSection(ExtensibilityGlobals) = postSolution
		SolutionGuid = {837464E9-9BC0-4E06-A1CC-588DC75828F7}
	EndGlobalSection
EndGlobal
